# THIS IS AN AUTOGENERATED FILE. DO NOT EDIT THIS FILE DIRECTLY.
# yarn lockfile v1


"@babel/helper-validator-identifier@^7.14.9":
  "integrity" "sha1-ZlTRcbICT22O4VG/JQlpmRkTHUg="
  "resolved" "https://registry.nlark.com/@babel/helper-validator-identifier/download/@babel/helper-validator-identifier-7.14.9.tgz?cache=0&sync_timestamp=1627804408187&other_urls=https%3A%2F%2Fregistry.nlark.com%2F%40babel%2Fhelper-validator-identifier%2Fdownload%2F%40babel%2Fhelper-validator-identifier-7.14.9.tgz"
  "version" "7.14.9"

"@babel/parser@^7.12.0", "@babel/parser@^7.13.9", "@babel/parser@^7.6.0", "@babel/parser@^7.9.6":
  "integrity" "sha1-NBbZvqdIBSz8tj28wnNoEFse2GI="
  "resolved" "https://registry.nlark.com/@babel/parser/download/@babel/parser-7.15.3.tgz"
  "version" "7.15.3"

"@babel/types@^7.12.0", "@babel/types@^7.13.0", "@babel/types@^7.6.1", "@babel/types@^7.9.6":
  "integrity" "sha1-Ya8R8ihsTpxpyo3rX0N1pzxy3L0="
  "resolved" "https://registry.nlark.com/@babel/types/download/@babel/types-7.15.0.tgz?cache=0&sync_timestamp=1628112038326&other_urls=https%3A%2F%2Fregistry.nlark.com%2F%40babel%2Ftypes%2Fdownload%2F%40babel%2Ftypes-7.15.0.tgz"
  "version" "7.15.0"
  dependencies:
    "@babel/helper-validator-identifier" "^7.14.9"
    "to-fast-properties" "^2.0.0"

"@css-render/plugin-bem@^0.15.4":
  "integrity" "sha1-kMzJYT8lSEp5WsP50AAY+LrbBVY="
  "resolved" "https://registry.nlark.com/@css-render/plugin-bem/download/@css-render/plugin-bem-0.15.5.tgz"
  "version" "0.15.5"
  dependencies:
    "css-render" "~0.15.5"

"@css-render/vue3-ssr@^0.15.3", "@css-render/vue3-ssr@^0.15.4":
  "integrity" "sha1-hplNNZZ1KKpG44U9QLi90qlbL50="
  "resolved" "https://registry.nlark.com/@css-render/vue3-ssr/download/@css-render/vue3-ssr-0.15.5.tgz"
  "version" "0.15.5"

"@emmetio/abbreviation@^2.2.2":
  "integrity" "sha1-dGdi/Z56jC6mBPWAxi48/iUOaYk="
  "resolved" "https://registry.nlark.com/@emmetio/abbreviation/download/@emmetio/abbreviation-2.2.2.tgz"
  "version" "2.2.2"
  dependencies:
    "@emmetio/scanner" "^1.0.0"

"@emmetio/css-abbreviation@^2.1.4":
  "integrity" "sha1-kDYuihEizjt29sMVeQfTAYL1P1Q="
  "resolved" "https://registry.nlark.com/@emmetio/css-abbreviation/download/@emmetio/css-abbreviation-2.1.4.tgz"
  "version" "2.1.4"
  dependencies:
    "@emmetio/scanner" "^1.0.0"

"@emmetio/scanner@^1.0.0":
  "integrity" "sha1-Blsq9iM/50dNRII+PeuJckr0K18="
  "resolved" "https://registry.npm.taobao.org/@emmetio/scanner/download/@emmetio/scanner-1.0.0.tgz"
  "version" "1.0.0"

"@emotion/hash@~0.8.0":
  "integrity" "sha1-u7/2iXj+/b5ozLUzvIy+HRr7VBM="
  "resolved" "https://registry.npm.taobao.org/@emotion/hash/download/@emotion/hash-0.8.0.tgz"
  "version" "0.8.0"

"@jest/types@^26.6.2":
  "integrity" "sha1-vvWlMgMOHYii9abZM/hOlyJu1I4="
  "resolved" "https://registry.nlark.com/@jest/types/download/@jest/types-26.6.2.tgz"
  "version" "26.6.2"
  dependencies:
    "@types/istanbul-lib-coverage" "^2.0.0"
    "@types/istanbul-reports" "^3.0.0"
    "@types/node" "*"
    "@types/yargs" "^15.0.0"
    "chalk" "^4.0.0"

"@types/estree@^0.0.48":
  "integrity" "sha1-GNyAkbKF35DbLyWqfZBs/DlLf3Q="
  "resolved" "https://registry.nlark.com/@types/estree/download/@types/estree-0.0.48.tgz"
  "version" "0.0.48"

"@types/istanbul-lib-coverage@*", "@types/istanbul-lib-coverage@^2.0.0":
  "integrity" "sha1-S6jdtyAiH0MuRDvV+RF/0iz9R2I="
  "resolved" "https://registry.nlark.com/@types/istanbul-lib-coverage/download/@types/istanbul-lib-coverage-2.0.3.tgz"
  "version" "2.0.3"

"@types/istanbul-lib-report@*":
  "integrity" "sha1-wUwk8Y6oGQwRjudWK3/5mjZVJoY="
  "resolved" "https://registry.nlark.com/@types/istanbul-lib-report/download/@types/istanbul-lib-report-3.0.0.tgz"
  "version" "3.0.0"
  dependencies:
    "@types/istanbul-lib-coverage" "*"

"@types/istanbul-reports@^3.0.0":
  "integrity" "sha1-kVP+mLuivVZaY63ZQ21vDX+EaP8="
  "resolved" "https://registry.nlark.com/@types/istanbul-reports/download/@types/istanbul-reports-3.0.1.tgz?cache=0&sync_timestamp=1622585033101&other_urls=https%3A%2F%2Fregistry.nlark.com%2F%40types%2Fistanbul-reports%2Fdownload%2F%40types%2Fistanbul-reports-3.0.1.tgz"
  "version" "3.0.1"
  dependencies:
    "@types/istanbul-lib-report" "*"

"@types/jest@^26.0.20":
  "integrity" "sha1-lD0Rl2sWc5GFkToZNuDeDEp9WVo="
  "resolved" "https://registry.nlark.com/@types/jest/download/@types/jest-26.0.24.tgz"
  "version" "26.0.24"
  dependencies:
    "jest-diff" "^26.0.0"
    "pretty-format" "^26.0.0"

"@types/lodash-es@^4.17.4":
  "integrity" "sha1-suRA0r+Kk1hKn9eYRS7El5hsm5c="
  "resolved" "https://registry.nlark.com/@types/lodash-es/download/@types/lodash-es-4.17.4.tgz?cache=0&sync_timestamp=1621242553643&other_urls=https%3A%2F%2Fregistry.nlark.com%2F%40types%2Flodash-es%2Fdownload%2F%40types%2Flodash-es-4.17.4.tgz"
  "version" "4.17.4"
  dependencies:
    "@types/lodash" "*"

"@types/lodash@*", "@types/lodash@^4.14.170":
  "integrity" "sha1-qtd0wo57/Xpn3iVAjgPuWow9Aoo="
  "resolved" "https://registry.nlark.com/@types/lodash/download/@types/lodash-4.14.172.tgz?cache=0&other_urls=https%3A%2F%2Fregistry.nlark.com%2F%40types%2Flodash%2Fdownload%2F%40types%2Flodash-4.14.172.tgz"
  "version" "4.14.172"

"@types/node@*", "@types/node@^14.14.10", "@types/node@~14.14.31":
  "integrity" "sha1-7C37VWb/gU0GGu9+FBV1rtuiRc8="
  "resolved" "https://registry.nlark.com/@types/node/download/@types/node-14.14.45.tgz"
  "version" "14.14.45"

"@types/yargs-parser@*":
  "integrity" "sha1-O5ziSJkZ2eT+pDm3aRarw0st8Sk="
  "resolved" "https://registry.nlark.com/@types/yargs-parser/download/@types/yargs-parser-20.2.1.tgz?cache=0&sync_timestamp=1625244192921&other_urls=https%3A%2F%2Fregistry.nlark.com%2F%40types%2Fyargs-parser%2Fdownload%2F%40types%2Fyargs-parser-20.2.1.tgz"
  "version" "20.2.1"

"@types/yargs@^15.0.0":
  "integrity" "sha1-Jtgh3biecEkhYLZtEKDrbfj2+wY="
  "resolved" "https://registry.nlark.com/@types/yargs/download/@types/yargs-15.0.14.tgz"
  "version" "15.0.14"
  dependencies:
    "@types/yargs-parser" "*"

"@vitejs/plugin-vue@^1.3.0":
  "integrity" "sha1-lirgG3/RatQAeJjGTtY5E24SIVs="
  "resolved" "https://registry.nlark.com/@vitejs/plugin-vue/download/@vitejs/plugin-vue-1.4.0.tgz"
  "version" "1.4.0"

"@volar/code-gen@^0.26.16":
  "integrity" "sha1-QZmlqGxOqgWLA70nDJXUz7+Y9n0="
  "resolved" "https://registry.nlark.com/@volar/code-gen/download/@volar/code-gen-0.26.16.tgz?cache=0&sync_timestamp=1628759835114&other_urls=https%3A%2F%2Fregistry.nlark.com%2F%40volar%2Fcode-gen%2Fdownload%2F%40volar%2Fcode-gen-0.26.16.tgz"
  "version" "0.26.16"
  dependencies:
    "@volar/shared" "^0.26.16"
    "@volar/source-map" "^0.26.16"

"@volar/html2pug@^0.26.16":
  "integrity" "sha1-ujHgBdGZSCMBnRzBr1SKK1Ymorc="
  "resolved" "https://registry.nlark.com/@volar/html2pug/download/@volar/html2pug-0.26.16.tgz?cache=0&sync_timestamp=1628759833247&other_urls=https%3A%2F%2Fregistry.nlark.com%2F%40volar%2Fhtml2pug%2Fdownload%2F%40volar%2Fhtml2pug-0.26.16.tgz"
  "version" "0.26.16"
  dependencies:
    "domelementtype" "^2.2.0"
    "domhandler" "^4.2.0"
    "htmlparser2" "^6.1.0"
    "pug" "^3.0.2"

"@volar/shared@^0.26.16":
  "integrity" "sha1-B8lMHSdFlYos47QVtaGSza5fWOw="
  "resolved" "https://registry.nlark.com/@volar/shared/download/@volar/shared-0.26.16.tgz?cache=0&sync_timestamp=1628759833448&other_urls=https%3A%2F%2Fregistry.nlark.com%2F%40volar%2Fshared%2Fdownload%2F%40volar%2Fshared-0.26.16.tgz"
  "version" "0.26.16"
  dependencies:
    "upath" "^2.0.1"
    "vscode-jsonrpc" "^8.0.0-next.1"
    "vscode-uri" "^3.0.2"

"@volar/source-map@^0.26.16":
  "integrity" "sha1-PrgYbxzRrA06Hd8jvFzrBxPJXzc="
  "resolved" "https://registry.nlark.com/@volar/source-map/download/@volar/source-map-0.26.16.tgz?cache=0&sync_timestamp=1628759834775&other_urls=https%3A%2F%2Fregistry.nlark.com%2F%40volar%2Fsource-map%2Fdownload%2F%40volar%2Fsource-map-0.26.16.tgz"
  "version" "0.26.16"
  dependencies:
    "@volar/shared" "^0.26.16"

"@volar/transforms@^0.26.16":
  "integrity" "sha1-Ux1jBywE1PChU2fDcI3EzPOE9oE="
  "resolved" "https://registry.nlark.com/@volar/transforms/download/@volar/transforms-0.26.16.tgz?cache=0&sync_timestamp=1628759833883&other_urls=https%3A%2F%2Fregistry.nlark.com%2F%40volar%2Ftransforms%2Fdownload%2F%40volar%2Ftransforms-0.26.16.tgz"
  "version" "0.26.16"
  dependencies:
    "@volar/shared" "^0.26.16"

"@vue/compiler-core@3.2.2":
  "integrity" "sha1-jT4p8SlXntmxT0ivc1/Y2V8khQQ="
  "resolved" "https://registry.nlark.com/@vue/compiler-core/download/@vue/compiler-core-3.2.2.tgz"
  "version" "3.2.2"
  dependencies:
    "@babel/parser" "^7.12.0"
    "@babel/types" "^7.12.0"
    "@vue/shared" "3.2.2"
    "estree-walker" "^2.0.1"
    "source-map" "^0.6.1"

"@vue/compiler-dom@^3.2.1", "@vue/compiler-dom@3.2.2":
  "integrity" "sha1-JuGYSYdGxTBHw3RNJvyV5nBpKrc="
  "resolved" "https://registry.nlark.com/@vue/compiler-dom/download/@vue/compiler-dom-3.2.2.tgz"
  "version" "3.2.2"
  dependencies:
    "@vue/compiler-core" "3.2.2"
    "@vue/shared" "3.2.2"

"@vue/compiler-sfc@^3.0.5", "@vue/compiler-sfc@^3.0.8", "@vue/compiler-sfc@^3.2.1":
  "integrity" "sha1-W3sTsHaJvo5IgNhW9y0b5QB4W+k="
  "resolved" "https://registry.nlark.com/@vue/compiler-sfc/download/@vue/compiler-sfc-3.2.2.tgz?cache=0&sync_timestamp=1628696757082&other_urls=https%3A%2F%2Fregistry.nlark.com%2F%40vue%2Fcompiler-sfc%2Fdownload%2F%40vue%2Fcompiler-sfc-3.2.2.tgz"
  "version" "3.2.2"
  dependencies:
    "@babel/parser" "^7.13.9"
    "@babel/types" "^7.13.0"
    "@types/estree" "^0.0.48"
    "@vue/compiler-core" "3.2.2"
    "@vue/compiler-dom" "3.2.2"
    "@vue/compiler-ssr" "3.2.2"
    "@vue/shared" "3.2.2"
    "consolidate" "^0.16.0"
    "estree-walker" "^2.0.1"
    "hash-sum" "^2.0.0"
    "lru-cache" "^5.1.1"
    "magic-string" "^0.25.7"
    "merge-source-map" "^1.1.0"
    "postcss" "^8.1.10"
    "postcss-modules" "^4.0.0"
    "postcss-selector-parser" "^6.0.4"
    "source-map" "^0.6.1"

"@vue/compiler-ssr@3.2.2":
  "integrity" "sha1-Yzu44B8AqWnDXKEtsyvn/kxxhak="
  "resolved" "https://registry.nlark.com/@vue/compiler-ssr/download/@vue/compiler-ssr-3.2.2.tgz"
  "version" "3.2.2"
  dependencies:
    "@vue/compiler-dom" "3.2.2"
    "@vue/shared" "3.2.2"

"@vue/reactivity@^3.2.1", "@vue/reactivity@3.2.2":
  "integrity" "sha1-03ARpoOV4Dijz1JWr1LUjFkbBrY="
  "resolved" "https://registry.nlark.com/@vue/reactivity/download/@vue/reactivity-3.2.2.tgz"
  "version" "3.2.2"
  dependencies:
    "@vue/shared" "3.2.2"

"@vue/runtime-core@3.2.2":
  "integrity" "sha1-uaclB4PeGd2N1v6/AICEsPkURYY="
  "resolved" "https://registry.nlark.com/@vue/runtime-core/download/@vue/runtime-core-3.2.2.tgz"
  "version" "3.2.2"
  dependencies:
    "@vue/reactivity" "3.2.2"
    "@vue/shared" "3.2.2"

"@vue/runtime-dom@3.2.2":
  "integrity" "sha1-bQ2iPtHPxwJHf0uMXcT5M1yU4Rk="
  "resolved" "https://registry.nlark.com/@vue/runtime-dom/download/@vue/runtime-dom-3.2.2.tgz"
  "version" "3.2.2"
  dependencies:
    "@vue/runtime-core" "3.2.2"
    "@vue/shared" "3.2.2"
    "csstype" "^2.6.8"

"@vue/shared@^3.2.1", "@vue/shared@3.2.2":
  "integrity" "sha1-YQQYXr1Xr1oUrFHB9JGyIF/CQFQ="
  "resolved" "https://registry.nlark.com/@vue/shared/download/@vue/shared-3.2.2.tgz"
  "version" "3.2.2"

"acorn@^7.1.1":
  "integrity" "sha1-/q7SVZc9LndVW4PbwIhRpsY1IPo="
  "resolved" "https://registry.nlark.com/acorn/download/acorn-7.4.1.tgz"
  "version" "7.4.1"

"ansi-regex@^5.0.0":
  "integrity" "sha1-OIU59VF5vzkznIGvMKZU1p+Hy3U="
  "resolved" "https://registry.npm.taobao.org/ansi-regex/download/ansi-regex-5.0.0.tgz?cache=0&sync_timestamp=1618552978881&other_urls=https%3A%2F%2Fregistry.npm.taobao.org%2Fansi-regex%2Fdownload%2Fansi-regex-5.0.0.tgz"
  "version" "5.0.0"

"ansi-styles@^4.0.0", "ansi-styles@^4.1.0":
  "integrity" "sha1-7dgDYornHATIWuegkG7a00tkiTc="
  "resolved" "https://registry.nlark.com/ansi-styles/download/ansi-styles-4.3.0.tgz"
  "version" "4.3.0"
  dependencies:
    "color-convert" "^2.0.1"

"asap@~2.0.3":
  "integrity" "sha1-5QNHYR1+aQlDIIu9r+vLwvuGbUY="
  "resolved" "https://registry.npm.taobao.org/asap/download/asap-2.0.6.tgz"
  "version" "2.0.6"

"assert-never@^1.2.1":
  "integrity" "sha1-EfDjY78UYgX7CBk7XHuQ9NHPRP4="
  "resolved" "https://registry.npm.taobao.org/assert-never/download/assert-never-1.2.1.tgz"
  "version" "1.2.1"

"async-validator@^3.5.1":
  "integrity" "sha1-aOhmqWgk6LJpT/eoMcGiXETV5QA="
  "resolved" "https://registry.nlark.com/async-validator/download/async-validator-3.5.2.tgz"
  "version" "3.5.2"

"babel-walk@3.0.0-canary-5":
  "integrity" "sha1-9m7Ncpg1eu5ElV8jWm71QhkQSxE="
  "resolved" "https://registry.npm.taobao.org/babel-walk/download/babel-walk-3.0.0-canary-5.tgz"
  "version" "3.0.0-canary-5"
  dependencies:
    "@babel/types" "^7.9.6"

"big.js@^5.2.2":
  "integrity" "sha1-ZfCvOC9Xi83HQr2cKB6cstd2gyg="
  "resolved" "https://registry.nlark.com/big.js/download/big.js-5.2.2.tgz"
  "version" "5.2.2"

"bluebird@^3.7.2":
  "integrity" "sha1-nyKcFb4nJFT/qXOs4NvueaGww28="
  "resolved" "https://registry.nlark.com/bluebird/download/bluebird-3.7.2.tgz"
  "version" "3.7.2"

"call-bind@^1.0.2":
  "integrity" "sha1-sdTonmiBGcPJqQOtMKuy9qkZvjw="
  "resolved" "https://registry.nlark.com/call-bind/download/call-bind-1.0.2.tgz"
  "version" "1.0.2"
  dependencies:
    "function-bind" "^1.1.1"
    "get-intrinsic" "^1.0.2"

"chalk@^4.0.0":
  "integrity" "sha1-qsTit3NKdAhnrrFr8CqtVWoeegE="
  "resolved" "https://registry.nlark.com/chalk/download/chalk-4.1.2.tgz?cache=0&sync_timestamp=1627646614989&other_urls=https%3A%2F%2Fregistry.nlark.com%2Fchalk%2Fdownload%2Fchalk-4.1.2.tgz"
  "version" "4.1.2"
  dependencies:
    "ansi-styles" "^4.1.0"
    "supports-color" "^7.1.0"

"character-parser@^2.2.0":
  "integrity" "sha1-x84o821LzZdE5f/CxfzeHHMmH8A="
  "resolved" "https://registry.npm.taobao.org/character-parser/download/character-parser-2.2.0.tgz"
  "version" "2.2.0"
  dependencies:
    "is-regex" "^1.0.3"

"color-convert@^2.0.1":
  "integrity" "sha1-ctOmjVmMm9s68q0ehPIdiWq9TeM="
  "resolved" "https://registry.nlark.com/color-convert/download/color-convert-2.0.1.tgz"
  "version" "2.0.1"
  dependencies:
    "color-name" "~1.1.4"

"color-name@~1.1.4":
  "integrity" "sha1-wqCah6y95pVD3m9j+jmVyCbFNqI="
  "resolved" "https://registry.npm.taobao.org/color-name/download/color-name-1.1.4.tgz"
  "version" "1.1.4"

"colorette@^1.2.2":
  "integrity" "sha1-/0XS8O2yRAadO3cq3rBP7TjQoK8="
  "resolved" "https://registry.nlark.com/colorette/download/colorette-1.3.0.tgz"
  "version" "1.3.0"

"consolidate@^0.16.0":
  "integrity" "sha1-oRhkdokw8vGUMWYKZZBmaPX73BY="
  "resolved" "https://registry.npm.taobao.org/consolidate/download/consolidate-0.16.0.tgz"
  "version" "0.16.0"
  dependencies:
    "bluebird" "^3.7.2"

"constantinople@^4.0.1":
  "integrity" "sha1-De8RP6Dk3I3oMzGlz3nIsyUhMVE="
  "resolved" "https://registry.npm.taobao.org/constantinople/download/constantinople-4.0.1.tgz"
  "version" "4.0.1"
  dependencies:
    "@babel/parser" "^7.6.0"
    "@babel/types" "^7.6.1"

"css-render@^0.15.3", "css-render@^0.15.4", "css-render@~0.15.5":
  "integrity" "sha1-5MA7cDB/McqQEzrQR0GeaRIb8JY="
  "resolved" "https://registry.nlark.com/css-render/download/css-render-0.15.5.tgz"
  "version" "0.15.5"
  dependencies:
    "@emotion/hash" "~0.8.0"
    "@types/node" "~14.14.31"
    "csstype" "~3.0.5"

"cssesc@^3.0.0":
  "integrity" "sha1-N3QZGZA7hoVl4cCep0dEXNGJg+4="
  "resolved" "https://registry.npm.taobao.org/cssesc/download/cssesc-3.0.0.tgz"
  "version" "3.0.0"

"csstype@^2.6.8":
  "integrity" "sha1-TPMOuH4dGgBdi2UQ+VKSQT9qHA4="
  "resolved" "https://registry.nlark.com/csstype/download/csstype-2.6.17.tgz"
  "version" "2.6.17"

"csstype@~3.0.5":
  "integrity" "sha1-0iZqeScp+yJ80hb7Vy9Dco4a00A="
  "resolved" "https://registry.nlark.com/csstype/download/csstype-3.0.8.tgz"
  "version" "3.0.8"

"date-fns@^2.19.0":
  "integrity" "sha1-TohslBZZrwz3sw+v3R6qN+iHiKk="
  "resolved" "https://registry.nlark.com/date-fns/download/date-fns-2.23.0.tgz"
  "version" "2.23.0"

"diff-sequences@^26.6.2":
  "integrity" "sha1-SLqZFX3hkjQS7tQdtrbUqpynwLE="
  "resolved" "https://registry.nlark.com/diff-sequences/download/diff-sequences-26.6.2.tgz"
  "version" "26.6.2"

"doctypes@^1.1.0":
  "integrity" "sha1-6oCxBqh1OHdOijpKWv4pPeSJ4Kk="
  "resolved" "https://registry.npm.taobao.org/doctypes/download/doctypes-1.1.0.tgz"
  "version" "1.1.0"

"dom-serializer@^1.0.1":
  "integrity" "sha1-YgZDfTLO767HFhgDIwx6ILwbTZE="
  "resolved" "https://registry.nlark.com/dom-serializer/download/dom-serializer-1.3.2.tgz?cache=0&sync_timestamp=1621256858583&other_urls=https%3A%2F%2Fregistry.nlark.com%2Fdom-serializer%2Fdownload%2Fdom-serializer-1.3.2.tgz"
  "version" "1.3.2"
  dependencies:
    "domelementtype" "^2.0.1"
    "domhandler" "^4.2.0"
    "entities" "^2.0.0"

"domelementtype@^2.0.1", "domelementtype@^2.2.0":
  "integrity" "sha1-mgtsJ4LtahxzI9QiZxg9+b2LHVc="
  "resolved" "https://registry.npm.taobao.org/domelementtype/download/domelementtype-2.2.0.tgz"
  "version" "2.2.0"

"domhandler@^4.0.0", "domhandler@^4.2.0":
  "integrity" "sha1-+XaKXwNL5gqJonwuTQ9066DYsFk="
  "resolved" "https://registry.npm.taobao.org/domhandler/download/domhandler-4.2.0.tgz?cache=0&sync_timestamp=1618563925219&other_urls=https%3A%2F%2Fregistry.npm.taobao.org%2Fdomhandler%2Fdownload%2Fdomhandler-4.2.0.tgz"
  "version" "4.2.0"
  dependencies:
    "domelementtype" "^2.2.0"

"domutils@^2.5.2":
  "integrity" "sha1-jrrwxB66/PVbC3LsMcVjI3EsVEI="
  "resolved" "https://registry.nlark.com/domutils/download/domutils-2.7.0.tgz"
  "version" "2.7.0"
  dependencies:
    "dom-serializer" "^1.0.1"
    "domelementtype" "^2.2.0"
    "domhandler" "^4.2.0"

"emmet@^2.3.0":
  "integrity" "sha1-W6DXpVaaaMdpffqJDHcuTzF50SM="
  "resolved" "https://registry.nlark.com/emmet/download/emmet-2.3.4.tgz"
  "version" "2.3.4"
  dependencies:
    "@emmetio/abbreviation" "^2.2.2"
    "@emmetio/css-abbreviation" "^2.1.4"

"emojis-list@^3.0.0":
  "integrity" "sha1-VXBmIEatKeLpFucariYKvf9Pang="
  "resolved" "https://registry.nlark.com/emojis-list/download/emojis-list-3.0.0.tgz"
  "version" "3.0.0"

"entities@^2.0.0":
  "integrity" "sha1-CY3JDruD2N/6CJ1VJWs1HTTE2lU="
  "resolved" "https://registry.nlark.com/entities/download/entities-2.2.0.tgz?cache=0&sync_timestamp=1628508126700&other_urls=https%3A%2F%2Fregistry.nlark.com%2Fentities%2Fdownload%2Fentities-2.2.0.tgz"
  "version" "2.2.0"

"esbuild@^0.12.8":
  "integrity" "sha1-TTydg8maQDHgJ7QqTDmMI7aCfLA="
  "resolved" "https://registry.nlark.com/esbuild/download/esbuild-0.12.20.tgz?cache=0&sync_timestamp=1628815251454&other_urls=https%3A%2F%2Fregistry.nlark.com%2Fesbuild%2Fdownload%2Fesbuild-0.12.20.tgz"
  "version" "0.12.20"

"estree-walker@^2.0.1":
  "integrity" "sha1-UvAQF4wqTBF6d1fP6UKtt9LaTKw="
  "resolved" "https://registry.npm.taobao.org/estree-walker/download/estree-walker-2.0.2.tgz"
  "version" "2.0.2"

"evtd@^0.2.2":
  "integrity" "sha1-vrvifhWu3B1cGLwmIN/JDyYHh8M="
  "resolved" "https://registry.nlark.com/evtd/download/evtd-0.2.2.tgz"
  "version" "0.2.2"

"fsevents@~2.3.2":
  "integrity" "sha1-ilJveLj99GI7cJ4Ll1xSwkwC/Ro="
  "resolved" "https://registry.nlark.com/fsevents/download/fsevents-2.3.2.tgz"
  "version" "2.3.2"

"function-bind@^1.1.1":
  "integrity" "sha1-pWiZ0+o8m6uHS7l3O3xe3pL0iV0="
  "resolved" "https://registry.npm.taobao.org/function-bind/download/function-bind-1.1.1.tgz"
  "version" "1.1.1"

"generic-names@^2.0.1":
  "integrity" "sha1-+KN46tLMqno08DF7BVVIMq5BuHI="
  "resolved" "https://registry.nlark.com/generic-names/download/generic-names-2.0.1.tgz"
  "version" "2.0.1"
  dependencies:
    "loader-utils" "^1.1.0"

"get-intrinsic@^1.0.2":
  "integrity" "sha1-FfWfN2+FXERpY5SPDSTNNje0q8Y="
  "resolved" "https://registry.nlark.com/get-intrinsic/download/get-intrinsic-1.1.1.tgz"
  "version" "1.1.1"
  dependencies:
    "function-bind" "^1.1.1"
    "has" "^1.0.3"
    "has-symbols" "^1.0.1"

"has-flag@^4.0.0":
  "integrity" "sha1-lEdx/ZyByBJlxNaUGGDaBrtZR5s="
  "resolved" "https://registry.nlark.com/has-flag/download/has-flag-4.0.0.tgz?cache=0&sync_timestamp=1626716578584&other_urls=https%3A%2F%2Fregistry.nlark.com%2Fhas-flag%2Fdownload%2Fhas-flag-4.0.0.tgz"
  "version" "4.0.0"

"has-symbols@^1.0.1", "has-symbols@^1.0.2":
  "integrity" "sha1-Fl0wcMADCXUqEjakeTMeOsVvFCM="
  "resolved" "https://registry.nlark.com/has-symbols/download/has-symbols-1.0.2.tgz"
  "version" "1.0.2"

"has-tostringtag@^1.0.0":
  "integrity" "sha1-fhM4GKfTlHNPlB5zw9P5KR5liyU="
  "resolved" "https://registry.nlark.com/has-tostringtag/download/has-tostringtag-1.0.0.tgz"
  "version" "1.0.0"
  dependencies:
    "has-symbols" "^1.0.2"

"has@^1.0.3":
  "integrity" "sha1-ci18v8H2qoJB8W3YFOAR4fQeh5Y="
  "resolved" "https://registry.nlark.com/has/download/has-1.0.3.tgz"
  "version" "1.0.3"
  dependencies:
    "function-bind" "^1.1.1"

"hash-sum@^2.0.0":
  "integrity" "sha1-gdAbtd6OpKIUrV1urRtSNGCwtFo="
  "resolved" "https://registry.nlark.com/hash-sum/download/hash-sum-2.0.0.tgz"
  "version" "2.0.0"

"highlight.js@^11.0.1":
  "integrity" "sha1-p+O4wf3E8FOLk7LcLd1TpAxqsPA="
  "resolved" "https://registry.nlark.com/highlight.js/download/highlight.js-11.2.0.tgz"
  "version" "11.2.0"

"htmlparser2@^6.1.0":
  "integrity" "sha1-xNditsM3GgXb5l6UrkOp+EX7j7c="
  "resolved" "https://registry.nlark.com/htmlparser2/download/htmlparser2-6.1.0.tgz"
  "version" "6.1.0"
  dependencies:
    "domelementtype" "^2.0.1"
    "domhandler" "^4.0.0"
    "domutils" "^2.5.2"
    "entities" "^2.0.0"

"icss-replace-symbols@^1.1.0":
  "integrity" "sha1-Bupvg2ead0njhs/h/oEq5dsiPe0="
  "resolved" "https://registry.npm.taobao.org/icss-replace-symbols/download/icss-replace-symbols-1.1.0.tgz"
  "version" "1.1.0"

"icss-utils@^5.0.0":
  "integrity" "sha1-xr5oWKvQE9do6YNmrkfiXViHsa4="
  "resolved" "https://registry.nlark.com/icss-utils/download/icss-utils-5.1.0.tgz"
  "version" "5.1.0"

"is-core-module@^2.2.0":
  "integrity" "sha1-91SENhfHC/0pt72HMnQAzaXBhJE="
  "resolved" "https://registry.nlark.com/is-core-module/download/is-core-module-2.5.0.tgz"
  "version" "2.5.0"
  dependencies:
    "has" "^1.0.3"

"is-expression@^4.0.0":
  "integrity" "sha1-wzFVliq/IdCv0lUlFNZ9LsFv0qs="
  "resolved" "https://registry.npm.taobao.org/is-expression/download/is-expression-4.0.0.tgz"
  "version" "4.0.0"
  dependencies:
    "acorn" "^7.1.1"
    "object-assign" "^4.1.1"

"is-promise@^2.0.0":
  "integrity" "sha1-OauVnMv5p3TPB597QMeib3YxNfE="
  "resolved" "https://registry.npm.taobao.org/is-promise/download/is-promise-2.2.2.tgz?cache=0&sync_timestamp=1588002411837&other_urls=https%3A%2F%2Fregistry.npm.taobao.org%2Fis-promise%2Fdownload%2Fis-promise-2.2.2.tgz"
  "version" "2.2.2"

"is-regex@^1.0.3":
  "integrity" "sha1-7vVmPNWfpMCuM5UFMj32hUuxWVg="
  "resolved" "https://registry.nlark.com/is-regex/download/is-regex-1.1.4.tgz"
  "version" "1.1.4"
  dependencies:
    "call-bind" "^1.0.2"
    "has-tostringtag" "^1.0.0"

"jest-diff@^26.0.0":
  "integrity" "sha1-GqdGi1LDpo19XF/c381eSb0WQ5Q="
  "resolved" "https://registry.nlark.com/jest-diff/download/jest-diff-26.6.2.tgz"
  "version" "26.6.2"
  dependencies:
    "chalk" "^4.0.0"
    "diff-sequences" "^26.6.2"
    "jest-get-type" "^26.3.0"
    "pretty-format" "^26.6.2"

"jest-get-type@^26.3.0":
  "integrity" "sha1-6X3Dw/U8K0Bsp6+u1Ek7HQmRmeA="
  "resolved" "https://registry.nlark.com/jest-get-type/download/jest-get-type-26.3.0.tgz"
  "version" "26.3.0"

"js-stringify@^1.0.2":
  "integrity" "sha1-Fzb939lyTyijaCrcYjCufk6Weds="
  "resolved" "https://registry.npm.taobao.org/js-stringify/download/js-stringify-1.0.2.tgz"
  "version" "1.0.2"

"json5@^1.0.1":
  "integrity" "sha1-d5+wAYYE+oVOrL9iUhgNg1Q+Pb4="
  "resolved" "https://registry.nlark.com/json5/download/json5-1.0.1.tgz"
  "version" "1.0.1"
  dependencies:
    "minimist" "^1.2.0"

"jsonc-parser@^2.3.0":
  "integrity" "sha1-WVSRULEz8u+sykj+nOHsBlmvI0I="
  "resolved" "https://registry.nlark.com/jsonc-parser/download/jsonc-parser-2.3.1.tgz"
  "version" "2.3.1"

"jsonc-parser@^3.0.0":
  "integrity" "sha1-q914VwHH5+rKip7IzwcMpRp0WiI="
  "resolved" "https://registry.nlark.com/jsonc-parser/download/jsonc-parser-3.0.0.tgz"
  "version" "3.0.0"

"jstransformer@1.0.0":
  "integrity" "sha1-7Yvwkh4vPx7U1cGkT2hwntJHIsM="
  "resolved" "https://registry.npm.taobao.org/jstransformer/download/jstransformer-1.0.0.tgz"
  "version" "1.0.0"
  dependencies:
    "is-promise" "^2.0.0"
    "promise" "^7.0.1"

"loader-utils@^1.1.0":
  "integrity" "sha1-xXm140yzSxp07cbB+za/o3HVphM="
  "resolved" "https://registry.npm.taobao.org/loader-utils/download/loader-utils-1.4.0.tgz"
  "version" "1.4.0"
  dependencies:
    "big.js" "^5.2.2"
    "emojis-list" "^3.0.0"
    "json5" "^1.0.1"

"lodash-es@^4.17.21":
  "integrity" "sha1-Q+YmxG5lkbd1C+srUBFzkMYJ4+4="
  "resolved" "https://registry.npm.taobao.org/lodash-es/download/lodash-es-4.17.21.tgz?cache=0&sync_timestamp=1613836838613&other_urls=https%3A%2F%2Fregistry.npm.taobao.org%2Flodash-es%2Fdownload%2Flodash-es-4.17.21.tgz"
  "version" "4.17.21"

"lodash.camelcase@^4.3.0":
  "integrity" "sha1-soqmKIorn8ZRA1x3EfZathkDMaY="
  "resolved" "https://registry.nlark.com/lodash.camelcase/download/lodash.camelcase-4.3.0.tgz"
  "version" "4.3.0"

"lodash@^4.17.21":
  "integrity" "sha1-Z5WRxWTDv/quhFTPCz3zcMPWkRw="
  "resolved" "https://registry.npm.taobao.org/lodash/download/lodash-4.17.21.tgz"
  "version" "4.17.21"

"lru-cache@^5.1.1":
  "integrity" "sha1-HaJ+ZxAnGUdpXa9oSOhH8B2EuSA="
  "resolved" "https://registry.nlark.com/lru-cache/download/lru-cache-5.1.1.tgz"
  "version" "5.1.1"
  dependencies:
    "yallist" "^3.0.2"

"magic-string@^0.25.7":
  "integrity" "sha1-P0l9b9NMZpxnmNy4IfLvMfVEUFE="
  "resolved" "https://registry.nlark.com/magic-string/download/magic-string-0.25.7.tgz?cache=0&sync_timestamp=1618846922153&other_urls=https%3A%2F%2Fregistry.nlark.com%2Fmagic-string%2Fdownload%2Fmagic-string-0.25.7.tgz"
  "version" "0.25.7"
  dependencies:
    "sourcemap-codec" "^1.4.4"

"merge-source-map@^1.1.0":
  "integrity" "sha1-L93n5gIJOfcJBqaPLXrmheTIxkY="
  "resolved" "https://registry.npm.taobao.org/merge-source-map/download/merge-source-map-1.1.0.tgz"
  "version" "1.1.0"
  dependencies:
    "source-map" "^0.6.1"

"minimist@^1.2.0":
  "integrity" "sha1-Z9ZgFLZqaoqqDAg8X9WN9OTpdgI="
  "resolved" "https://registry.nlark.com/minimist/download/minimist-1.2.5.tgz"
  "version" "1.2.5"

"naive-ui@^2.16.2":
  "integrity" "sha1-99S4TxVSm8jzZ2RO3NssFMeRI3I="
  "resolved" "https://registry.nlark.com/naive-ui/download/naive-ui-2.16.2.tgz"
  "version" "2.16.2"
  dependencies:
    "@css-render/plugin-bem" "^0.15.4"
    "@css-render/vue3-ssr" "^0.15.4"
    "@types/lodash" "^4.14.170"
    "@types/lodash-es" "^4.17.4"
    "async-validator" "^3.5.1"
    "css-render" "^0.15.4"
    "date-fns" "^2.19.0"
    "evtd" "^0.2.2"
    "highlight.js" "^11.0.1"
    "lodash" "^4.17.21"
    "lodash-es" "^4.17.21"
    "seemly" "^0.3.1"
    "treemate" "^0.2.12"
    "vdirs" "^0.1.4"
    "vfonts" "^0.1.0"
    "vooks" "^0.2.6"
    "vueuc" "^0.4.9"

"nanoid@^3.1.23":
  "integrity" "sha1-CcoydHwOVD8OGBS303k0d/nI4VI="
  "resolved" "https://registry.nlark.com/nanoid/download/nanoid-3.1.25.tgz"
  "version" "3.1.25"

"object-assign@^4.1.1":
  "integrity" "sha1-IQmtx5ZYh8/AXLvUQsrIv7s2CGM="
  "resolved" "https://registry.nlark.com/object-assign/download/object-assign-4.1.1.tgz"
  "version" "4.1.1"

"path-parse@^1.0.6":
  "integrity" "sha1-+8EUtgykKzDZ2vWFjkvWi77bZzU="
  "resolved" "https://registry.nlark.com/path-parse/download/path-parse-1.0.7.tgz"
  "version" "1.0.7"

"postcss-modules-extract-imports@^3.0.0":
  "integrity" "sha1-zaHwR8CugMl9vijD52pDuIAldB0="
  "resolved" "https://registry.nlark.com/postcss-modules-extract-imports/download/postcss-modules-extract-imports-3.0.0.tgz"
  "version" "3.0.0"

"postcss-modules-local-by-default@^4.0.0":
  "integrity" "sha1-67tU+uFZjuz99pGgKz/zs5ClpRw="
  "resolved" "https://registry.npm.taobao.org/postcss-modules-local-by-default/download/postcss-modules-local-by-default-4.0.0.tgz?cache=0&sync_timestamp=1602587684904&other_urls=https%3A%2F%2Fregistry.npm.taobao.org%2Fpostcss-modules-local-by-default%2Fdownload%2Fpostcss-modules-local-by-default-4.0.0.tgz"
  "version" "4.0.0"
  dependencies:
    "icss-utils" "^5.0.0"
    "postcss-selector-parser" "^6.0.2"
    "postcss-value-parser" "^4.1.0"

"postcss-modules-scope@^3.0.0":
  "integrity" "sha1-nvMVFFbTu/oSDKRImN/Kby+gHwY="
  "resolved" "https://registry.npm.taobao.org/postcss-modules-scope/download/postcss-modules-scope-3.0.0.tgz"
  "version" "3.0.0"
  dependencies:
    "postcss-selector-parser" "^6.0.4"

"postcss-modules-values@^4.0.0":
  "integrity" "sha1-18Xn5ow7s8myfL9Iyguz/7RgLJw="
  "resolved" "https://registry.npm.taobao.org/postcss-modules-values/download/postcss-modules-values-4.0.0.tgz"
  "version" "4.0.0"
  dependencies:
    "icss-utils" "^5.0.0"

"postcss-modules@^4.0.0":
  "integrity" "sha1-Xnd3xaiWTqF2kZ2QsuVO+JEyHOU="
  "resolved" "https://registry.nlark.com/postcss-modules/download/postcss-modules-4.2.2.tgz"
  "version" "4.2.2"
  dependencies:
    "generic-names" "^2.0.1"
    "icss-replace-symbols" "^1.1.0"
    "lodash.camelcase" "^4.3.0"
    "postcss-modules-extract-imports" "^3.0.0"
    "postcss-modules-local-by-default" "^4.0.0"
    "postcss-modules-scope" "^3.0.0"
    "postcss-modules-values" "^4.0.0"
    "string-hash" "^1.1.1"

"postcss-selector-parser@^6.0.2", "postcss-selector-parser@^6.0.4":
  "integrity" "sha1-LFu6gXSsL2mBq2MaQqsO5UrzMuo="
  "resolved" "https://registry.nlark.com/postcss-selector-parser/download/postcss-selector-parser-6.0.6.tgz?cache=0&sync_timestamp=1620753051451&other_urls=https%3A%2F%2Fregistry.nlark.com%2Fpostcss-selector-parser%2Fdownload%2Fpostcss-selector-parser-6.0.6.tgz"
  "version" "6.0.6"
  dependencies:
    "cssesc" "^3.0.0"
    "util-deprecate" "^1.0.2"

"postcss-value-parser@^4.1.0":
  "integrity" "sha1-RD9qIM7WSBor2k+oUypuVdeJoss="
  "resolved" "https://registry.npm.taobao.org/postcss-value-parser/download/postcss-value-parser-4.1.0.tgz"
  "version" "4.1.0"

"postcss@^8.0.0", "postcss@^8.1.0", "postcss@^8.1.10", "postcss@^8.3.6":
  "integrity" "sha1-JzDddql5afN/U7mmCWGXvjEcxOo="
  "resolved" "https://registry.nlark.com/postcss/download/postcss-8.3.6.tgz?cache=0&sync_timestamp=1626882900158&other_urls=https%3A%2F%2Fregistry.nlark.com%2Fpostcss%2Fdownload%2Fpostcss-8.3.6.tgz"
  "version" "8.3.6"
  dependencies:
    "colorette" "^1.2.2"
    "nanoid" "^3.1.23"
    "source-map-js" "^0.6.2"

"pretty-format@^26.0.0", "pretty-format@^26.6.2":
  "integrity" "sha1-41wnBfFMt/4v6U+geDRbREEg/JM="
  "resolved" "https://registry.nlark.com/pretty-format/download/pretty-format-26.6.2.tgz"
  "version" "26.6.2"
  dependencies:
    "@jest/types" "^26.6.2"
    "ansi-regex" "^5.0.0"
    "ansi-styles" "^4.0.0"
    "react-is" "^17.0.1"

"promise@^7.0.1":
  "integrity" "sha1-BktyYCsY+Q8pGSuLG8QY/9Hr078="
  "resolved" "https://registry.npm.taobao.org/promise/download/promise-7.3.1.tgz"
  "version" "7.3.1"
  dependencies:
    "asap" "~2.0.3"

"pug-attrs@^3.0.0":
  "integrity" "sha1-sQRR4DSBZeMfrRzCPr3dncc0fEE="
  "resolved" "https://registry.npm.taobao.org/pug-attrs/download/pug-attrs-3.0.0.tgz"
  "version" "3.0.0"
  dependencies:
    "constantinople" "^4.0.1"
    "js-stringify" "^1.0.2"
    "pug-runtime" "^3.0.0"

"pug-code-gen@^3.0.2":
  "integrity" "sha1-rRkPSUMTO/GGtguA3kgxAOEy4s4="
  "resolved" "https://registry.npm.taobao.org/pug-code-gen/download/pug-code-gen-3.0.2.tgz"
  "version" "3.0.2"
  dependencies:
    "constantinople" "^4.0.1"
    "doctypes" "^1.1.0"
    "js-stringify" "^1.0.2"
    "pug-attrs" "^3.0.0"
    "pug-error" "^2.0.0"
    "pug-runtime" "^3.0.0"
    "void-elements" "^3.1.0"
    "with" "^7.0.0"

"pug-error@^2.0.0":
  "integrity" "sha1-XGIXPLCcNN4qLOBPF7it/sdNjKU="
  "resolved" "https://registry.npm.taobao.org/pug-error/download/pug-error-2.0.0.tgz"
  "version" "2.0.0"

"pug-filters@^4.0.0":
  "integrity" "sha1-0+Sa9bqEcum3pm2YDnB86dLMm14="
  "resolved" "https://registry.npm.taobao.org/pug-filters/download/pug-filters-4.0.0.tgz"
  "version" "4.0.0"
  dependencies:
    "constantinople" "^4.0.1"
    "jstransformer" "1.0.0"
    "pug-error" "^2.0.0"
    "pug-walk" "^2.0.0"
    "resolve" "^1.15.1"

"pug-lexer@^5.0.1":
  "integrity" "sha1-rkRijFvvmxkLZlaDsojKkCS4sNU="
  "resolved" "https://registry.npm.taobao.org/pug-lexer/download/pug-lexer-5.0.1.tgz"
  "version" "5.0.1"
  dependencies:
    "character-parser" "^2.2.0"
    "is-expression" "^4.0.0"
    "pug-error" "^2.0.0"

"pug-linker@^4.0.0":
  "integrity" "sha1-EsvAWU/Fo+Brn8Web5PBRpYqdwg="
  "resolved" "https://registry.npm.taobao.org/pug-linker/download/pug-linker-4.0.0.tgz"
  "version" "4.0.0"
  dependencies:
    "pug-error" "^2.0.0"
    "pug-walk" "^2.0.0"

"pug-load@^3.0.0":
  "integrity" "sha1-n9nNpSICsIrbEdJWgfufNL1BtmI="
  "resolved" "https://registry.npm.taobao.org/pug-load/download/pug-load-3.0.0.tgz"
  "version" "3.0.0"
  dependencies:
    "object-assign" "^4.1.1"
    "pug-walk" "^2.0.0"

"pug-parser@^6.0.0":
  "integrity" "sha1-qP3ANYY6lbLB3F6/Ts+AtOdqEmA="
  "resolved" "https://registry.npm.taobao.org/pug-parser/download/pug-parser-6.0.0.tgz"
  "version" "6.0.0"
  dependencies:
    "pug-error" "^2.0.0"
    "token-stream" "1.0.0"

"pug-runtime@^3.0.0", "pug-runtime@^3.0.1":
  "integrity" "sha1-9jaXYgRyPzWoxfb61qzaKhkbg9c="
  "resolved" "https://registry.npm.taobao.org/pug-runtime/download/pug-runtime-3.0.1.tgz"
  "version" "3.0.1"

"pug-strip-comments@^2.0.0":
  "integrity" "sha1-+UsH/WtJVSMzD0kKf1VLT/h2MD4="
  "resolved" "https://registry.npm.taobao.org/pug-strip-comments/download/pug-strip-comments-2.0.0.tgz"
  "version" "2.0.0"
  dependencies:
    "pug-error" "^2.0.0"

"pug-walk@^2.0.0":
  "integrity" "sha1-QXqrwpIyu0SZtbUGmistKiTV9f4="
  "resolved" "https://registry.npm.taobao.org/pug-walk/download/pug-walk-2.0.0.tgz"
  "version" "2.0.0"

"pug@^3.0.2":
  "integrity" "sha1-81xxBzQ0VOQ7wnrg/3bHMbeOpTU="
  "resolved" "https://registry.npm.taobao.org/pug/download/pug-3.0.2.tgz"
  "version" "3.0.2"
  dependencies:
    "pug-code-gen" "^3.0.2"
    "pug-filters" "^4.0.0"
    "pug-lexer" "^5.0.1"
    "pug-linker" "^4.0.0"
    "pug-load" "^3.0.0"
    "pug-parser" "^6.0.0"
    "pug-runtime" "^3.0.1"
    "pug-strip-comments" "^2.0.0"

"react-is@^17.0.1":
  "integrity" "sha1-5pHUqOnHiTZWVVOas3J2Kw77VPA="
  "resolved" "https://registry.nlark.com/react-is/download/react-is-17.0.2.tgz"
  "version" "17.0.2"

"request-light@^0.5.4":
  "integrity" "sha1-SXqYxtiuSVNkF6Xi1/ODuTTz44w="
  "resolved" "https://registry.nlark.com/request-light/download/request-light-0.5.4.tgz"
  "version" "0.5.4"

"resize-observer-polyfill@^1.5.1":
  "integrity" "sha1-DpAg3T0hAkRY1OvSfiPkAmmBBGQ="
  "resolved" "https://registry.nlark.com/resize-observer-polyfill/download/resize-observer-polyfill-1.5.1.tgz"
  "version" "1.5.1"

"resolve@^1.15.1", "resolve@^1.20.0":
  "integrity" "sha1-YpoBP7P3B1XW8LeTXMHCxTeLGXU="
  "resolved" "https://registry.npm.taobao.org/resolve/download/resolve-1.20.0.tgz?cache=0&sync_timestamp=1613055280179&other_urls=https%3A%2F%2Fregistry.npm.taobao.org%2Fresolve%2Fdownload%2Fresolve-1.20.0.tgz"
  "version" "1.20.0"
  dependencies:
    "is-core-module" "^2.2.0"
    "path-parse" "^1.0.6"

"rollup@^2.38.5":
  "integrity" "sha1-oEX/P2r1PuAJtfUBbKPaAynlRw8="
  "resolved" "https://registry.nlark.com/rollup/download/rollup-2.56.2.tgz?cache=0&sync_timestamp=1628574009004&other_urls=https%3A%2F%2Fregistry.nlark.com%2Frollup%2Fdownload%2Frollup-2.56.2.tgz"
  "version" "2.56.2"
  optionalDependencies:
    "fsevents" "~2.3.2"

"seemly@^0.3.1":
  "integrity" "sha1-vLQ51+OZp8xUbKhsMdJDKMw5RMo="
  "resolved" "https://registry.nlark.com/seemly/download/seemly-0.3.1.tgz"
  "version" "0.3.1"
  dependencies:
    "@types/jest" "^26.0.20"

"source-map-js@^0.6.2":
  "integrity" "sha1-C7XeYxtBz72mz7qL0FqA79/SOF4="
  "resolved" "https://registry.npm.taobao.org/source-map-js/download/source-map-js-0.6.2.tgz"
  "version" "0.6.2"

"source-map@^0.6.1":
  "integrity" "sha1-dHIq8y6WFOnCh6jQu95IteLxomM="
  "resolved" "https://registry.npm.taobao.org/source-map/download/source-map-0.6.1.tgz"
  "version" "0.6.1"

"sourcemap-codec@^1.4.4":
  "integrity" "sha1-6oBL2UhXQC5pktBaOO8a41qatMQ="
  "resolved" "https://registry.npm.taobao.org/sourcemap-codec/download/sourcemap-codec-1.4.8.tgz"
  "version" "1.4.8"

"string-hash@^1.1.1":
  "integrity" "sha1-6Kr8CsGFW0Zmkp7X3RJ1311sgRs="
  "resolved" "https://registry.npm.taobao.org/string-hash/download/string-hash-1.1.3.tgz"
  "version" "1.1.3"

"supports-color@^7.1.0":
  "integrity" "sha1-G33NyzK4E4gBs+R4umpRyqiWSNo="
  "resolved" "https://registry.nlark.com/supports-color/download/supports-color-7.2.0.tgz?cache=0&sync_timestamp=1626703455199&other_urls=https%3A%2F%2Fregistry.nlark.com%2Fsupports-color%2Fdownload%2Fsupports-color-7.2.0.tgz"
  "version" "7.2.0"
  dependencies:
    "has-flag" "^4.0.0"

"to-fast-properties@^2.0.0":
  "integrity" "sha1-3F5pjL0HkmW8c+A3doGk5Og/YW4="
  "resolved" "https://registry.nlark.com/to-fast-properties/download/to-fast-properties-2.0.0.tgz?cache=0&sync_timestamp=1628418893613&other_urls=https%3A%2F%2Fregistry.nlark.com%2Fto-fast-properties%2Fdownload%2Fto-fast-properties-2.0.0.tgz"
  "version" "2.0.0"

"token-stream@1.0.0":
  "integrity" "sha1-zCAOqyYT9BZtJ/+a/HylbUnfbrQ="
  "resolved" "https://registry.npm.taobao.org/token-stream/download/token-stream-1.0.0.tgz"
  "version" "1.0.0"

"treemate@^0.2.12":
  "integrity" "sha1-7tjODNWgPxHAkMQ9CPVIaU7q1LU="
  "resolved" "https://registry.nlark.com/treemate/download/treemate-0.2.12.tgz"
  "version" "0.2.12"

"typescript@*", "typescript@^4.3.2":
  "integrity" "sha1-TRw3zBbok5c8RaBohrcRMjTxGfQ="
  "resolved" "https://registry.nlark.com/typescript/download/typescript-4.3.5.tgz"
  "version" "4.3.5"

"upath@^2.0.1":
  "integrity" "sha1-UMc96mjW9rmQ9R0nnOYIFmXWGos="
  "resolved" "https://registry.npm.taobao.org/upath/download/upath-2.0.1.tgz"
  "version" "2.0.1"

"util-deprecate@^1.0.2":
  "integrity" "sha1-RQ1Nyfpw3nMnYvvS1KKJgUGaDM8="
  "resolved" "https://registry.npm.taobao.org/util-deprecate/download/util-deprecate-1.0.2.tgz?cache=0&other_urls=https%3A%2F%2Fregistry.npm.taobao.org%2Futil-deprecate%2Fdownload%2Futil-deprecate-1.0.2.tgz"
  "version" "1.0.2"

"vdirs@^0.1.4":
  "integrity" "sha1-xMD/hs9H/tA95fhp4mUxHvGIq3Q="
  "resolved" "https://registry.nlark.com/vdirs/download/vdirs-0.1.4.tgz"
  "version" "0.1.4"
  dependencies:
    "@types/node" "^14.14.10"
    "evtd" "^0.2.2"

"vfonts@^0.1.0":
  "integrity" "sha1-wWrzfKBEsnJa5VVTBJKA775iIqk="
  "resolved" "https://registry.nlark.com/vfonts/download/vfonts-0.1.0.tgz"
  "version" "0.1.0"

"vite@^2.4.4":
  "integrity" "sha1-jEAqB61F8Wj261Qovq048+Q2Pkc="
  "resolved" "https://registry.nlark.com/vite/download/vite-2.4.4.tgz"
  "version" "2.4.4"
  dependencies:
    "esbuild" "^0.12.8"
    "postcss" "^8.3.6"
    "resolve" "^1.20.0"
    "rollup" "^2.38.5"
  optionalDependencies:
    "fsevents" "~2.3.2"

"void-elements@^3.1.0":
  "integrity" "sha1-YU9/v42AHwu18GYfWy9XhXUOTwk="
  "resolved" "https://registry.npm.taobao.org/void-elements/download/void-elements-3.1.0.tgz"
  "version" "3.1.0"

"vooks@^0.2.4", "vooks@^0.2.6":
  "integrity" "sha1-+tanjHLjlEPlYoUzewhDuq7tDz4="
  "resolved" "https://registry.nlark.com/vooks/download/vooks-0.2.8.tgz"
  "version" "0.2.8"
  dependencies:
    "evtd" "^0.2.2"

"vscode-css-languageservice@^5.1.4":
  "integrity" "sha1-B+TGPxw7sG5vPzKcMrSQ0gpgG6s="
  "resolved" "https://registry.nlark.com/vscode-css-languageservice/download/vscode-css-languageservice-5.1.4.tgz"
  "version" "5.1.4"
  dependencies:
    "vscode-languageserver-textdocument" "^1.0.1"
    "vscode-languageserver-types" "^3.16.0"
    "vscode-nls" "^5.0.0"
    "vscode-uri" "^3.0.2"

"vscode-emmet-helper@^2.6.4":
  "integrity" "sha1-vqR/F2Sbuia0EvPR+sGKruQ+uiU="
  "resolved" "https://registry.nlark.com/vscode-emmet-helper/download/vscode-emmet-helper-2.6.4.tgz"
  "version" "2.6.4"
  dependencies:
    "emmet" "^2.3.0"
    "jsonc-parser" "^2.3.0"
    "vscode-languageserver-textdocument" "^1.0.1"
    "vscode-languageserver-types" "^3.15.1"
    "vscode-nls" "^5.0.0"
    "vscode-uri" "^2.1.2"

"vscode-html-languageservice@^4.0.7":
  "integrity" "sha1-lPLtIsghll+CgiLRO1qlQbNY2ZI="
  "resolved" "https://registry.nlark.com/vscode-html-languageservice/download/vscode-html-languageservice-4.0.7.tgz"
  "version" "4.0.7"
  dependencies:
    "vscode-languageserver-textdocument" "^1.0.1"
    "vscode-languageserver-types" "^3.16.0"
    "vscode-nls" "^5.0.0"
    "vscode-uri" "^3.0.2"

"vscode-json-languageservice@^4.1.5":
  "integrity" "sha1-QnXo2vHLqAJzwxjzP796Lt4wcFM="
  "resolved" "https://registry.nlark.com/vscode-json-languageservice/download/vscode-json-languageservice-4.1.6.tgz"
  "version" "4.1.6"
  dependencies:
    "jsonc-parser" "^3.0.0"
    "vscode-languageserver-textdocument" "^1.0.1"
    "vscode-languageserver-types" "^3.16.0"
    "vscode-nls" "^5.0.0"
    "vscode-uri" "^3.0.2"

"vscode-jsonrpc@^8.0.0-next.1", "vscode-jsonrpc@8.0.0-next.2":
  "integrity" "sha1-KF/ClL5YbkdorNZ+WkLvxzilysA="
  "resolved" "https://registry.nlark.com/vscode-jsonrpc/download/vscode-jsonrpc-8.0.0-next.2.tgz"
  "version" "8.0.0-next.2"

"vscode-languageserver-protocol@3.17.0-next.8":
  "integrity" "sha1-7y63QjtHTMzRE4QjneJEiOf+gYw="
  "resolved" "https://registry.nlark.com/vscode-languageserver-protocol/download/vscode-languageserver-protocol-3.17.0-next.8.tgz"
  "version" "3.17.0-next.8"
  dependencies:
    "vscode-jsonrpc" "8.0.0-next.2"
    "vscode-languageserver-types" "3.17.0-next.3"

"vscode-languageserver-textdocument@^1.0.1":
  "integrity" "sha1-F4Fo6H761hcbNyrdHeo09T5dMw8="
  "resolved" "https://registry.npm.taobao.org/vscode-languageserver-textdocument/download/vscode-languageserver-textdocument-1.0.1.tgz"
  "version" "1.0.1"

"vscode-languageserver-types@^3.15.1", "vscode-languageserver-types@^3.16.0":
  "integrity" "sha1-7POT/BIexpdLLaPvsxVWRMUU4kc="
  "resolved" "https://registry.nlark.com/vscode-languageserver-types/download/vscode-languageserver-types-3.16.0.tgz"
  "version" "3.16.0"

"vscode-languageserver-types@3.17.0-next.3":
  "integrity" "sha1-4fQxHgjqMZPoESYVS2o0L8HD26M="
  "resolved" "https://registry.nlark.com/vscode-languageserver-types/download/vscode-languageserver-types-3.17.0-next.3.tgz"
  "version" "3.17.0-next.3"

"vscode-languageserver@^8.0.0-next.1":
  "integrity" "sha1-Oj2vef8QNQ6pzsXHO1MCkBqVURc="
  "resolved" "https://registry.nlark.com/vscode-languageserver/download/vscode-languageserver-8.0.0-next.2.tgz"
  "version" "8.0.0-next.2"
  dependencies:
    "vscode-languageserver-protocol" "3.17.0-next.8"

"vscode-nls@^5.0.0":
  "integrity" "sha1-mfDaC9nqfNpE5WWnTFSx8rwleEA="
  "resolved" "https://registry.npm.taobao.org/vscode-nls/download/vscode-nls-5.0.0.tgz"
  "version" "5.0.0"

"vscode-pug-languageservice@^0.26.16":
  "integrity" "sha1-XKmeqcuUd1rQ8vHE2CdKGGvwa14="
  "resolved" "https://registry.nlark.com/vscode-pug-languageservice/download/vscode-pug-languageservice-0.26.16.tgz?cache=0&sync_timestamp=1628759834576&other_urls=https%3A%2F%2Fregistry.nlark.com%2Fvscode-pug-languageservice%2Fdownload%2Fvscode-pug-languageservice-0.26.16.tgz"
  "version" "0.26.16"
  dependencies:
    "@volar/code-gen" "^0.26.16"
    "@volar/shared" "^0.26.16"
    "@volar/source-map" "^0.26.16"
    "@volar/transforms" "^0.26.16"
    "pug-lexer" "^5.0.1"
    "pug-parser" "^6.0.0"
    "vscode-languageserver" "^8.0.0-next.1"

"vscode-typescript-languageservice@^0.26.16":
  "integrity" "sha1-06hf0Ep37M6/i30KGImpT5B/1zQ="
  "resolved" "https://registry.nlark.com/vscode-typescript-languageservice/download/vscode-typescript-languageservice-0.26.16.tgz?cache=0&sync_timestamp=1628759833662&other_urls=https%3A%2F%2Fregistry.nlark.com%2Fvscode-typescript-languageservice%2Fdownload%2Fvscode-typescript-languageservice-0.26.16.tgz"
  "version" "0.26.16"
  dependencies:
    "@volar/shared" "^0.26.16"
    "upath" "^2.0.1"
    "vscode-languageserver" "^8.0.0-next.1"
    "vscode-languageserver-textdocument" "^1.0.1"

"vscode-uri@^2.1.2":
  "integrity" "sha1-yNQN6T61evMfPHFd1lDiyiwJbxw="
  "resolved" "https://registry.npm.taobao.org/vscode-uri/download/vscode-uri-2.1.2.tgz"
  "version" "2.1.2"

"vscode-uri@^3.0.2":
  "integrity" "sha1-7P0dBmy470w6II3s26uajCPQVdA="
  "resolved" "https://registry.npm.taobao.org/vscode-uri/download/vscode-uri-3.0.2.tgz"
  "version" "3.0.2"

"vscode-vue-languageservice@^0.26.6":
  "integrity" "sha1-yP2W85DsBcsbSxlNzdGNzqhxQTE="
  "resolved" "https://registry.nlark.com/vscode-vue-languageservice/download/vscode-vue-languageservice-0.26.16.tgz?cache=0&sync_timestamp=1628759835319&other_urls=https%3A%2F%2Fregistry.nlark.com%2Fvscode-vue-languageservice%2Fdownload%2Fvscode-vue-languageservice-0.26.16.tgz"
  "version" "0.26.16"
  dependencies:
    "@volar/code-gen" "^0.26.16"
    "@volar/html2pug" "^0.26.16"
    "@volar/shared" "^0.26.16"
    "@volar/source-map" "^0.26.16"
    "@volar/transforms" "^0.26.16"
    "@vue/compiler-dom" "^3.2.1"
    "@vue/compiler-sfc" "^3.2.1"
    "@vue/reactivity" "^3.2.1"
    "@vue/shared" "^3.2.1"
    "request-light" "^0.5.4"
    "upath" "^2.0.1"
    "vscode-css-languageservice" "^5.1.4"
    "vscode-emmet-helper" "^2.6.4"
    "vscode-html-languageservice" "^4.0.7"
    "vscode-json-languageservice" "^4.1.5"
    "vscode-languageserver" "^8.0.0-next.1"
    "vscode-languageserver-textdocument" "^1.0.1"
    "vscode-pug-languageservice" "^0.26.16"
    "vscode-typescript-languageservice" "^0.26.16"

"vue-tsc@^0.2.2":
  "integrity" "sha1-5/1eXHib6zGECtJggs/Iu2NW5zM="
  "resolved" "https://registry.nlark.com/vue-tsc/download/vue-tsc-0.2.2.tgz"
  "version" "0.2.2"
  dependencies:
    "vscode-vue-languageservice" "^0.26.6"

"vue@^3.0.0", "vue@^3.0.11", "vue@^3.0.5":
  "integrity" "sha1-EXFctxoCuu/Q9uZVLcYjaA6xvzI="
  "resolved" "https://registry.nlark.com/vue/download/vue-3.2.2.tgz?cache=0&other_urls=https%3A%2F%2Fregistry.nlark.com%2Fvue%2Fdownload%2Fvue-3.2.2.tgz"
  "version" "3.2.2"
  dependencies:
    "@vue/compiler-dom" "3.2.2"
    "@vue/runtime-dom" "3.2.2"
    "@vue/shared" "3.2.2"

"vueuc@^0.4.9":
  "integrity" "sha1-ria6dqCvFU+KE57zcYE1osat9nY="
  "resolved" "https://registry.nlark.com/vueuc/download/vueuc-0.4.10.tgz"
  "version" "0.4.10"
  dependencies:
    "css-render" "^0.15.3"
    "evtd" "^0.2.2"
    "resize-observer-polyfill" "^1.5.1"
    "seemly" "^0.3.1"
    "vdirs" "^0.1.4"
    "vooks" "^0.2.4"

"with@^7.0.0":
  "integrity" "sha1-zO461ULSVTinp6gKrSErmChJW6w="
  "resolved" "https://registry.npm.taobao.org/with/download/with-7.0.2.tgz?cache=0&other_urls=https%3A%2F%2Fregistry.npm.taobao.org%2Fwith%2Fdownload%2Fwith-7.0.2.tgz"
  "version" "7.0.2"
  dependencies:
    "@babel/parser" "^7.9.6"
    "@babel/types" "^7.9.6"
    "assert-never" "^1.2.1"
    "babel-walk" "3.0.0-canary-5"

"yallist@^3.0.2":
  "integrity" "sha1-27fa+b/YusmrRev2ArjLrQ1dCP0="
  "resolved" "https://registry.nlark.com/yallist/download/yallist-3.1.1.tgz"
  "version" "3.1.1"
